using System;

namespace SimpleCalculator
{
    class Program
    {
        static void Main(string[] args)
        {

            Console.WriteLine("What operation you want to do ? [+] [-] [/] [*] ?");
            string operation = Console.ReadLine();


            if (operation == "+")
            {
                Console.WriteLine("Type a number: ");
                int num1 = Convert.ToInt32(Console.ReadLine());

                Console.WriteLine("Type another number: ");
                int num2 = Convert.ToInt32(Console.ReadLine());

                Console.WriteLine(num1 + num2);

            } else if (operation == "-")
            {
                Console.WriteLine("Type a number: ");
                int num1 = Convert.ToInt32(Console.ReadLine());

                Console.WriteLine("Type another number: ");
                int num2 = Convert.ToInt32(Console.ReadLine());

                Console.WriteLine(num1 - num2);

            }else if (operation == "/")
            {
                Console.WriteLine("Type a number: ");
                int num1 = Convert.ToInt32(Console.ReadLine());

                Console.WriteLine("Type another number: ");
                int num2 = Convert.ToInt32(Console.ReadLine());

                Console.WriteLine(num1 / num2);

            }else if (operation == "*")
            {
                Console.WriteLine("Type a number: ");
                int num1 = Convert.ToInt32(Console.ReadLine());

                Console.WriteLine("Type another number: ");
                int num2 = Convert.ToInt32(Console.ReadLine());

                Console.WriteLine(num1 * num2);
            }else
            {
                Console.WriteLine("NOT A VALID OPERATION");
            }

        }
    }
}
